// !$*UTF8*$!
{
	archiveVersion = 1;
	classes = {
	};
	objectVersion = 50;
	objects = {

/* Begin PBXBuildFile section */
		4FC6C14022182E5900908FD1 /* AppDelegate.swift in Sources */ = {isa = PBXBuildFile; fileRef = 4FC6C13F22182E5900908FD1 /* AppDelegate.swift */; };
		4FC6C14522182E5900908FD1 /* Main.storyboard in Resources */ = {isa = PBXBuildFile; fileRef = 4FC6C14322182E5900908FD1 /* Main.storyboard */; };
		4FC6C14722182E5A00908FD1 /* Assets.xcassets in Resources */ = {isa = PBXBuildFile; fileRef = 4FC6C14622182E5A00908FD1 /* Assets.xcassets */; };
		4FC6C14A22182E5A00908FD1 /* LaunchScreen.storyboard in Resources */ = {isa = PBXBuildFile; fileRef = 4FC6C14822182E5A00908FD1 /* LaunchScreen.storyboard */; };
		4FC6C1B822182EEA00908FD1 /* mainAudio.swift in Sources */ = {isa = PBXBuildFile; fileRef = 4FC6C1B222182EEA00908FD1 /* mainAudio.swift */; };
		4FC6C1B922182EEA00908FD1 /* trackAudio.swift in Sources */ = {isa = PBXBuildFile; fileRef = 4FC6C1B322182EEA00908FD1 /* trackAudio.swift */; };
		4FC6C1BA22182EEA00908FD1 /* MathUtils.swift in Sources */ = {isa = PBXBuildFile; fileRef = 4FC6C1B422182EEA00908FD1 /* MathUtils.swift */; };
		4FC6C1BB22182EEA00908FD1 /* PolygonFactory.swift in Sources */ = {isa = PBXBuildFile; fileRef = 4FC6C1B522182EEA00908FD1 /* PolygonFactory.swift */; };
		4FC6C1BC22182EEA00908FD1 /* Audio.swift in Sources */ = {isa = PBXBuildFile; fileRef = 4FC6C1B622182EEA00908FD1 /* Audio.swift */; };
		4FC6C1BD22182EEA00908FD1 /* ColorPool.swift in Sources */ = {isa = PBXBuildFile; fileRef = 4FC6C1B722182EEA00908FD1 /* ColorPool.swift */; };
		4FC6C1EE22182EEF00908FD1 /* TransitionAnimation.swift in Sources */ = {isa = PBXBuildFile; fileRef = 4FC6C1C022182EEF00908FD1 /* TransitionAnimation.swift */; };
		4FC6C1EF22182EEF00908FD1 /* TransitionShader.metal in Sources */ = {isa = PBXBuildFile; fileRef = 4FC6C1C122182EEF00908FD1 /* TransitionShader.metal */; };
		4FC6C1F022182EEF00908FD1 /* ScaleShader.metal in Sources */ = {isa = PBXBuildFile; fileRef = 4FC6C1C322182EEF00908FD1 /* ScaleShader.metal */; };
		4FC6C1F122182EEF00908FD1 /* ScaleAnimation.swift in Sources */ = {isa = PBXBuildFile; fileRef = 4FC6C1C422182EEF00908FD1 /* ScaleAnimation.swift */; };
		4FC6C1F222182EEF00908FD1 /* DotAnimation.swift in Sources */ = {isa = PBXBuildFile; fileRef = 4FC6C1C622182EEF00908FD1 /* DotAnimation.swift */; };
		4FC6C1F322182EEF00908FD1 /* ShakeDotAnimation.swift in Sources */ = {isa = PBXBuildFile; fileRef = 4FC6C1C822182EEF00908FD1 /* ShakeDotAnimation.swift */; };
		4FC6C1F422182EEF00908FD1 /* SpiralDotAnimation.swift in Sources */ = {isa = PBXBuildFile; fileRef = 4FC6C1CA22182EEF00908FD1 /* SpiralDotAnimation.swift */; };
		4FC6C1F522182EEF00908FD1 /* DotShader.metal in Sources */ = {isa = PBXBuildFile; fileRef = 4FC6C1CB22182EEF00908FD1 /* DotShader.metal */; };
		4FC6C1F622182EEF00908FD1 /* SegmentAnimation.swift in Sources */ = {isa = PBXBuildFile; fileRef = 4FC6C1CD22182EEF00908FD1 /* SegmentAnimation.swift */; };
		4FC6C1F722182EEF00908FD1 /* SegmentShader.metal in Sources */ = {isa = PBXBuildFile; fileRef = 4FC6C1CE22182EEF00908FD1 /* SegmentShader.metal */; };
		4FC6C1F822182EEF00908FD1 /* PolygonFillShader.metal in Sources */ = {isa = PBXBuildFile; fileRef = 4FC6C1D122182EEF00908FD1 /* PolygonFillShader.metal */; };
		4FC6C1F922182EEF00908FD1 /* PolygonFillAnimation.swift in Sources */ = {isa = PBXBuildFile; fileRef = 4FC6C1D222182EEF00908FD1 /* PolygonFillAnimation.swift */; };
		4FC6C1FA22182EEF00908FD1 /* PolygonStrokeAnimation.swift in Sources */ = {isa = PBXBuildFile; fileRef = 4FC6C1D422182EEF00908FD1 /* PolygonStrokeAnimation.swift */; };
		4FC6C1FB22182EEF00908FD1 /* PolygonStrokeShader.metal in Sources */ = {isa = PBXBuildFile; fileRef = 4FC6C1D522182EEF00908FD1 /* PolygonStrokeShader.metal */; };
		4FC6C1FC22182EEF00908FD1 /* AbstractAnimation.swift in Sources */ = {isa = PBXBuildFile; fileRef = 4FC6C1D622182EEF00908FD1 /* AbstractAnimation.swift */; };
		4FC6C1FD22182EEF00908FD1 /* FenceShader.metal in Sources */ = {isa = PBXBuildFile; fileRef = 4FC6C1D822182EEF00908FD1 /* FenceShader.metal */; };
		4FC6C1FE22182EEF00908FD1 /* SquareFenceAnimation.swift in Sources */ = {isa = PBXBuildFile; fileRef = 4FC6C1DA22182EEF00908FD1 /* SquareFenceAnimation.swift */; };
		4FC6C1FF22182EEF00908FD1 /* FenceAnimation.swift in Sources */ = {isa = PBXBuildFile; fileRef = 4FC6C1DB22182EEF00908FD1 /* FenceAnimation.swift */; };
		4FC6C20022182EEF00908FD1 /* RoundFenceAnimation.swift in Sources */ = {isa = PBXBuildFile; fileRef = 4FC6C1DD22182EEF00908FD1 /* RoundFenceAnimation.swift */; };
		4FC6C20122182EEF00908FD1 /* ExplosionSquareAnimation.swift in Sources */ = {isa = PBXBuildFile; fileRef = 4FC6C1E022182EEF00908FD1 /* ExplosionSquareAnimation.swift */; };
		4FC6C20222182EEF00908FD1 /* ExplosionShader.metal in Sources */ = {isa = PBXBuildFile; fileRef = 4FC6C1E122182EEF00908FD1 /* ExplosionShader.metal */; };
		4FC6C20322182EEF00908FD1 /* ExplosionAnimation.swift in Sources */ = {isa = PBXBuildFile; fileRef = 4FC6C1E222182EEF00908FD1 /* ExplosionAnimation.swift */; };
		4FC6C20422182EEF00908FD1 /* ExplosionCircleAnimation.swift in Sources */ = {isa = PBXBuildFile; fileRef = 4FC6C1E422182EEF00908FD1 /* ExplosionCircleAnimation.swift */; };
		4FC6C20522182EEF00908FD1 /* PlaceholderAnimation.swift in Sources */ = {isa = PBXBuildFile; fileRef = 4FC6C1E622182EEF00908FD1 /* PlaceholderAnimation.swift */; };
		4FC6C20622182EEF00908FD1 /* PlaceholderShader.metal in Sources */ = {isa = PBXBuildFile; fileRef = 4FC6C1E722182EEF00908FD1 /* PlaceholderShader.metal */; };
		4FC6C20722182EEF00908FD1 /* CircleAnimation.swift in Sources */ = {isa = PBXBuildFile; fileRef = 4FC6C1E922182EEF00908FD1 /* CircleAnimation.swift */; };
		4FC6C20822182EEF00908FD1 /* CircleShader.metal in Sources */ = {isa = PBXBuildFile; fileRef = 4FC6C1EA22182EEF00908FD1 /* CircleShader.metal */; };
		4FC6C20922182EEF00908FD1 /* XShader.metal in Sources */ = {isa = PBXBuildFile; fileRef = 4FC6C1EC22182EEF00908FD1 /* XShader.metal */; };
		4FC6C20A22182EEF00908FD1 /* XAnimation.swift in Sources */ = {isa = PBXBuildFile; fileRef = 4FC6C1ED22182EEF00908FD1 /* XAnimation.swift */; };
		4FC6C20D22182EF300908FD1 /* MetalView.swift in Sources */ = {isa = PBXBuildFile; fileRef = 4FC6C20C22182EF300908FD1 /* MetalView.swift */; };
		4FC6C20F221955DB00908FD1 /* FlashView.swift in Sources */ = {isa = PBXBuildFile; fileRef = 4FC6C20E221955DB00908FD1 /* FlashView.swift */; };
/* End PBXBuildFile section */

/* Begin PBXFileReference section */
		4FC6C13C22182E5900908FD1 /* mikutap.app */ = {isa = PBXFileReference; explicitFileType = wrapper.application; includeInIndex = 0; path = mikutap.app; sourceTree = BUILT_PRODUCTS_DIR; };
		4FC6C13F22182E5900908FD1 /* AppDelegate.swift */ = {isa = PBXFileReference; lastKnownFileType = sourcecode.swift; path = AppDelegate.swift; sourceTree = "<group>"; };
		4FC6C14422182E5900908FD1 /* Base */ = {isa = PBXFileReference; lastKnownFileType = file.storyboard; name = Base; path = Base.lproj/Main.storyboard; sourceTree = "<group>"; };
		4FC6C14622182E5A00908FD1 /* Assets.xcassets */ = {isa = PBXFileReference; lastKnownFileType = folder.assetcatalog; path = Assets.xcassets; sourceTree = "<group>"; };
		4FC6C14922182E5A00908FD1 /* Base */ = {isa = PBXFileReference; lastKnownFileType = file.storyboard; name = Base; path = Base.lproj/LaunchScreen.storyboard; sourceTree = "<group>"; };
		4FC6C14B22182E5A00908FD1 /* Info.plist */ = {isa = PBXFileReference; lastKnownFileType = text.plist.xml; path = Info.plist; sourceTree = "<group>"; };
		4FC6C1B222182EEA00908FD1 /* mainAudio.swift */ = {isa = PBXFileReference; fileEncoding = 4; lastKnownFileType = sourcecode.swift; path = mainAudio.swift; sourceTree = "<group>"; };
		4FC6C1B322182EEA00908FD1 /* trackAudio.swift */ = {isa = PBXFileReference; fileEncoding = 4; lastKnownFileType = sourcecode.swift; path = trackAudio.swift; sourceTree = "<group>"; };
		4FC6C1B422182EEA00908FD1 /* MathUtils.swift */ = {isa = PBXFileReference; fileEncoding = 4; lastKnownFileType = sourcecode.swift; path = MathUtils.swift; sourceTree = "<group>"; };
		4FC6C1B522182EEA00908FD1 /* PolygonFactory.swift */ = {isa = PBXFileReference; fileEncoding = 4; lastKnownFileType = sourcecode.swift; path = PolygonFactory.swift; sourceTree = "<group>"; };
		4FC6C1B622182EEA00908FD1 /* Audio.swift */ = {isa = PBXFileReference; fileEncoding = 4; lastKnownFileType = sourcecode.swift; path = Audio.swift; sourceTree = "<group>"; };
		4FC6C1B722182EEA00908FD1 /* ColorPool.swift */ = {isa = PBXFileReference; fileEncoding = 4; lastKnownFileType = sourcecode.swift; path = ColorPool.swift; sourceTree = "<group>"; };
		4FC6C1C022182EEF00908FD1 /* TransitionAnimation.swift */ = {isa = PBXFileReference; fileEncoding = 4; lastKnownFileType = sourcecode.swift; path = TransitionAnimation.swift; sourceTree = "<group>"; };
		4FC6C1C122182EEF00908FD1 /* TransitionShader.metal */ = {isa = PBXFileReference; fileEncoding = 4; lastKnownFileType = sourcecode.metal; path = TransitionShader.metal; sourceTree = "<group>"; };
		4FC6C1C322182EEF00908FD1 /* ScaleShader.metal */ = {isa = PBXFileReference; fileEncoding = 4; lastKnownFileType = sourcecode.metal; path = ScaleShader.metal; sourceTree = "<group>"; };
		4FC6C1C422182EEF00908FD1 /* ScaleAnimation.swift */ = {isa = PBXFileReference; fileEncoding = 4; lastKnownFileType = sourcecode.swift; path = ScaleAnimation.swift; sourceTree = "<group>"; };
		4FC6C1C622182EEF00908FD1 /* DotAnimation.swift */ = {isa = PBXFileReference; fileEncoding = 4; lastKnownFileType = sourcecode.swift; path = DotAnimation.swift; sourceTree = "<group>"; };
		4FC6C1C822182EEF00908FD1 /* ShakeDotAnimation.swift */ = {isa = PBXFileReference; fileEncoding = 4; lastKnownFileType = sourcecode.swift; path = ShakeDotAnimation.swift; sourceTree = "<group>"; };
		4FC6C1CA22182EEF00908FD1 /* SpiralDotAnimation.swift */ = {isa = PBXFileReference; fileEncoding = 4; lastKnownFileType = sourcecode.swift; path = SpiralDotAnimation.swift; sourceTree = "<group>"; };
		4FC6C1CB22182EEF00908FD1 /* DotShader.metal */ = {isa = PBXFileReference; fileEncoding = 4; lastKnownFileType = sourcecode.metal; path = DotShader.metal; sourceTree = "<group>"; };
		4FC6C1CD22182EEF00908FD1 /* SegmentAnimation.swift */ = {isa = PBXFileReference; fileEncoding = 4; lastKnownFileType = sourcecode.swift; path = SegmentAnimation.swift; sourceTree = "<group>"; };
		4FC6C1CE22182EEF00908FD1 /* SegmentShader.metal */ = {isa = PBXFileReference; fileEncoding = 4; lastKnownFileType = sourcecode.metal; path = SegmentShader.metal; sourceTree = "<group>"; };
		4FC6C1D122182EEF00908FD1 /* PolygonFillShader.metal */ = {isa = PBXFileReference; fileEncoding = 4; lastKnownFileType = sourcecode.metal; path = PolygonFillShader.metal; sourceTree = "<group>"; };
		4FC6C1D222182EEF00908FD1 /* PolygonFillAnimation.swift */ = {isa = PBXFileReference; fileEncoding = 4; lastKnownFileType = sourcecode.swift; path = PolygonFillAnimation.swift; sourceTree = "<group>"; };
		4FC6C1D422182EEF00908FD1 /* PolygonStrokeAnimation.swift */ = {isa = PBXFileReference; fileEncoding = 4; lastKnownFileType = sourcecode.swift; path = PolygonStrokeAnimation.swift; sourceTree = "<group>"; };
		4FC6C1D522182EEF00908FD1 /* PolygonStrokeShader.metal */ = {isa = PBXFileReference; fileEncoding = 4; lastKnownFileType = sourcecode.metal; path = PolygonStrokeShader.metal; sourceTree = "<group>"; };
		4FC6C1D622182EEF00908FD1 /* AbstractAnimation.swift */ = {isa = PBXFileReference; fileEncoding = 4; lastKnownFileType = sourcecode.swift; path = AbstractAnimation.swift; sourceTree = "<group>"; };
		4FC6C1D822182EEF00908FD1 /* FenceShader.metal */ = {isa = PBXFileReference; fileEncoding = 4; lastKnownFileType = sourcecode.metal; path = FenceShader.metal; sourceTree = "<group>"; };
		4FC6C1DA22182EEF00908FD1 /* SquareFenceAnimation.swift */ = {isa = PBXFileReference; fileEncoding = 4; lastKnownFileType = sourcecode.swift; path = SquareFenceAnimation.swift; sourceTree = "<group>"; };
		4FC6C1DB22182EEF00908FD1 /* FenceAnimation.swift */ = {isa = PBXFileReference; fileEncoding = 4; lastKnownFileType = sourcecode.swift; path = FenceAnimation.swift; sourceTree = "<group>"; };
		4FC6C1DD22182EEF00908FD1 /* RoundFenceAnimation.swift */ = {isa = PBXFileReference; fileEncoding = 4; lastKnownFileType = sourcecode.swift; path = RoundFenceAnimation.swift; sourceTree = "<group>"; };
		4FC6C1E022182EEF00908FD1 /* ExplosionSquareAnimation.swift */ = {isa = PBXFileReference; fileEncoding = 4; lastKnownFileType = sourcecode.swift; path = ExplosionSquareAnimation.swift; sourceTree = "<group>"; };
		4FC6C1E122182EEF00908FD1 /* ExplosionShader.metal */ = {isa = PBXFileReference; fileEncoding = 4; lastKnownFileType = sourcecode.metal; path = ExplosionShader.metal; sourceTree = "<group>"; };
		4FC6C1E222182EEF00908FD1 /* ExplosionAnimation.swift */ = {isa = PBXFileReference; fileEncoding = 4; lastKnownFileType = sourcecode.swift; path = ExplosionAnimation.swift; sourceTree = "<group>"; };
		4FC6C1E422182EEF00908FD1 /* ExplosionCircleAnimation.swift */ = {isa = PBXFileReference; fileEncoding = 4; lastKnownFileType = sourcecode.swift; path = ExplosionCircleAnimation.swift; sourceTree = "<group>"; };
		4FC6C1E622182EEF00908FD1 /* PlaceholderAnimation.swift */ = {isa = PBXFileReference; fileEncoding = 4; lastKnownFileType = sourcecode.swift; path = PlaceholderAnimation.swift; sourceTree = "<group>"; };
		4FC6C1E722182EEF00908FD1 /* PlaceholderShader.metal */ = {isa = PBXFileReference; fileEncoding = 4; lastKnownFileType = sourcecode.metal; path = PlaceholderShader.metal; sourceTree = "<group>"; };
		4FC6C1E922182EEF00908FD1 /* CircleAnimation.swift */ = {isa = PBXFileReference; fileEncoding = 4; lastKnownFileType = sourcecode.swift; path = CircleAnimation.swift; sourceTree = "<group>"; };
		4FC6C1EA22182EEF00908FD1 /* CircleShader.metal */ = {isa = PBXFileReference; fileEncoding = 4; lastKnownFileType = sourcecode.metal; path = CircleShader.metal; sourceTree = "<group>"; };
		4FC6C1EC22182EEF00908FD1 /* XShader.metal */ = {isa = PBXFileReference; fileEncoding = 4; lastKnownFileType = sourcecode.metal; path = XShader.metal; sourceTree = "<group>"; };
		4FC6C1ED22182EEF00908FD1 /* XAnimation.swift */ = {isa = PBXFileReference; fileEncoding = 4; lastKnownFileType = sourcecode.swift; path = XAnimation.swift; sourceTree = "<group>"; };
		4FC6C20C22182EF300908FD1 /* MetalView.swift */ = {isa = PBXFileReference; fileEncoding = 4; lastKnownFileType = sourcecode.swift; path = MetalView.swift; sourceTree = "<group>"; };
		4FC6C20E221955DB00908FD1 /* FlashView.swift */ = {isa = PBXFileReference; lastKnownFileType = sourcecode.swift; path = FlashView.swift; sourceTree = "<group>"; };
/* End PBXFileReference section */

/* Begin PBXFrameworksBuildPhase section */
		4FC6C13922182E5900908FD1 /* Frameworks */ = {
			isa = PBXFrameworksBuildPhase;
			buildActionMask = 2147483647;
			files = (
			);
			runOnlyForDeploymentPostprocessing = 0;
		};
/* End PBXFrameworksBuildPhase section */

/* Begin PBXGroup section */
		4FC6C13322182E5900908FD1 = {
			isa = PBXGroup;
			children = (
				4FC6C13E22182E5900908FD1 /* mikutap */,
				4FC6C13D22182E5900908FD1 /* Products */,
			);
			sourceTree = "<group>";
		};
		4FC6C13D22182E5900908FD1 /* Products */ = {
			isa = PBXGroup;
			children = (
				4FC6C13C22182E5900908FD1 /* mikutap.app */,
			);
			name = Products;
			sourceTree = "<group>";
		};
		4FC6C13E22182E5900908FD1 /* mikutap */ = {
			isa = PBXGroup;
			children = (
				4FC6C14322182E5900908FD1 /* Main.storyboard */,
				4FC6C20B22182EF300908FD1 /* View */,
				4FC6C1BE22182EEF00908FD1 /* Animation */,
				4FC6C1B022182EEA00908FD1 /* Model */,
				4FC6C15122182E6800908FD1 /* Supporting */,
				4FC6C14B22182E5A00908FD1 /* Info.plist */,
			);
			path = mikutap;
			sourceTree = "<group>";
		};
		4FC6C15122182E6800908FD1 /* Supporting */ = {
			isa = PBXGroup;
			children = (
				4FC6C13F22182E5900908FD1 /* AppDelegate.swift */,
				4FC6C14822182E5A00908FD1 /* LaunchScreen.storyboard */,
				4FC6C14622182E5A00908FD1 /* Assets.xcassets */,
			);
			path = Supporting;
			sourceTree = "<group>";
		};
		4FC6C1B022182EEA00908FD1 /* Model */ = {
			isa = PBXGroup;
			children = (
				4FC6C1B122182EEA00908FD1 /* AudioData */,
				4FC6C1B422182EEA00908FD1 /* MathUtils.swift */,
				4FC6C1B522182EEA00908FD1 /* PolygonFactory.swift */,
				4FC6C1B622182EEA00908FD1 /* Audio.swift */,
				4FC6C1B722182EEA00908FD1 /* ColorPool.swift */,
			);
			path = Model;
			sourceTree = "<group>";
		};
		4FC6C1B122182EEA00908FD1 /* AudioData */ = {
			isa = PBXGroup;
			children = (
				4FC6C1B222182EEA00908FD1 /* mainAudio.swift */,
				4FC6C1B322182EEA00908FD1 /* trackAudio.swift */,
			);
			path = AudioData;
			sourceTree = "<group>";
		};
		4FC6C1BE22182EEF00908FD1 /* Animation */ = {
			isa = PBXGroup;
			children = (
				4FC6C1D622182EEF00908FD1 /* AbstractAnimation.swift */,
				4FC6C1BF22182EEF00908FD1 /* Transition */,
				4FC6C1C222182EEF00908FD1 /* Scale */,
				4FC6C1C522182EEF00908FD1 /* Dot */,
				4FC6C1CC22182EEF00908FD1 /* Segment */,
				4FC6C1CF22182EEF00908FD1 /* Polygon */,
				4FC6C1D722182EEF00908FD1 /* Fence */,
				4FC6C1DE22182EEF00908FD1 /* Explosion */,
				4FC6C1E522182EEF00908FD1 /* Placeholder */,
				4FC6C1E822182EEF00908FD1 /* Circle */,
				4FC6C1EB22182EEF00908FD1 /* X */,
			);
			path = Animation;
			sourceTree = "<group>";
		};
		4FC6C1BF22182EEF00908FD1 /* Transition */ = {
			isa = PBXGroup;
			children = (
				4FC6C1C022182EEF00908FD1 /* TransitionAnimation.swift */,
				4FC6C1C122182EEF00908FD1 /* TransitionShader.metal */,
			);
			path = Transition;
			sourceTree = "<group>";
		};
		4FC6C1C222182EEF00908FD1 /* Scale */ = {
			isa = PBXGroup;
			children = (
				4FC6C1C322182EEF00908FD1 /* ScaleShader.metal */,
				4FC6C1C422182EEF00908FD1 /* ScaleAnimation.swift */,
			);
			path = Scale;
			sourceTree = "<group>";
		};
		4FC6C1C522182EEF00908FD1 /* Dot */ = {
			isa = PBXGroup;
			children = (
				4FC6C1C622182EEF00908FD1 /* DotAnimation.swift */,
				4FC6C1C722182EEF00908FD1 /* Shake */,
				4FC6C1C922182EEF00908FD1 /* Spiral */,
				4FC6C1CB22182EEF00908FD1 /* DotShader.metal */,
			);
			path = Dot;
			sourceTree = "<group>";
		};
		4FC6C1C722182EEF00908FD1 /* Shake */ = {
			isa = PBXGroup;
			children = (
				4FC6C1C822182EEF00908FD1 /* ShakeDotAnimation.swift */,
			);
			path = Shake;
			sourceTree = "<group>";
		};
		4FC6C1C922182EEF00908FD1 /* Spiral */ = {
			isa = PBXGroup;
			children = (
				4FC6C1CA22182EEF00908FD1 /* SpiralDotAnimation.swift */,
			);
			path = Spiral;
			sourceTree = "<group>";
		};
		4FC6C1CC22182EEF00908FD1 /* Segment */ = {
			isa = PBXGroup;
			children = (
				4FC6C1CD22182EEF00908FD1 /* SegmentAnimation.swift */,
				4FC6C1CE22182EEF00908FD1 /* SegmentShader.metal */,
			);
			path = Segment;
			sourceTree = "<group>";
		};
		4FC6C1CF22182EEF00908FD1 /* Polygon */ = {
			isa = PBXGroup;
			children = (
				4FC6C1D022182EEF00908FD1 /* Fill */,
				4FC6C1D322182EEF00908FD1 /* Stroke */,
			);
			path = Polygon;
			sourceTree = "<group>";
		};
		4FC6C1D022182EEF00908FD1 /* Fill */ = {
			isa = PBXGroup;
			children = (
				4FC6C1D122182EEF00908FD1 /* PolygonFillShader.metal */,
				4FC6C1D222182EEF00908FD1 /* PolygonFillAnimation.swift */,
			);
			path = Fill;
			sourceTree = "<group>";
		};
		4FC6C1D322182EEF00908FD1 /* Stroke */ = {
			isa = PBXGroup;
			children = (
				4FC6C1D422182EEF00908FD1 /* PolygonStrokeAnimation.swift */,
				4FC6C1D522182EEF00908FD1 /* PolygonStrokeShader.metal */,
			);
			path = Stroke;
			sourceTree = "<group>";
		};
		4FC6C1D722182EEF00908FD1 /* Fence */ = {
			isa = PBXGroup;
			children = (
				4FC6C1D822182EEF00908FD1 /* FenceShader.metal */,
				4FC6C1D922182EEF00908FD1 /* Square */,
				4FC6C1DB22182EEF00908FD1 /* FenceAnimation.swift */,
				4FC6C1DC22182EEF00908FD1 /* Round */,
			);
			path = Fence;
			sourceTree = "<group>";
		};
		4FC6C1D922182EEF00908FD1 /* Square */ = {
			isa = PBXGroup;
			children = (
				4FC6C1DA22182EEF00908FD1 /* SquareFenceAnimation.swift */,
			);
			path = Square;
			sourceTree = "<group>";
		};
		4FC6C1DC22182EEF00908FD1 /* Round */ = {
			isa = PBXGroup;
			children = (
				4FC6C1DD22182EEF00908FD1 /* RoundFenceAnimation.swift */,
			);
			path = Round;
			sourceTree = "<group>";
		};
		4FC6C1DE22182EEF00908FD1 /* Explosion */ = {
			isa = PBXGroup;
			children = (
				4FC6C1DF22182EEF00908FD1 /* Square */,
				4FC6C1E122182EEF00908FD1 /* ExplosionShader.metal */,
				4FC6C1E222182EEF00908FD1 /* ExplosionAnimation.swift */,
				4FC6C1E322182EEF00908FD1 /* Circle */,
			);
			path = Explosion;
			sourceTree = "<group>";
		};
		4FC6C1DF22182EEF00908FD1 /* Square */ = {
			isa = PBXGroup;
			children = (
				4FC6C1E022182EEF00908FD1 /* ExplosionSquareAnimation.swift */,
			);
			path = Square;
			sourceTree = "<group>";
		};
		4FC6C1E322182EEF00908FD1 /* Circle */ = {
			isa = PBXGroup;
			children = (
				4FC6C1E422182EEF00908FD1 /* ExplosionCircleAnimation.swift */,
			);
			path = Circle;
			sourceTree = "<group>";
		};
		4FC6C1E522182EEF00908FD1 /* Placeholder */ = {
			isa = PBXGroup;
			children = (
				4FC6C1E622182EEF00908FD1 /* PlaceholderAnimation.swift */,
				4FC6C1E722182EEF00908FD1 /* PlaceholderShader.metal */,
			);
			path = Placeholder;
			sourceTree = "<group>";
		};
		4FC6C1E822182EEF00908FD1 /* Circle */ = {
			isa = PBXGroup;
			children = (
				4FC6C1E922182EEF00908FD1 /* CircleAnimation.swift */,
				4FC6C1EA22182EEF00908FD1 /* CircleShader.metal */,
			);
			path = Circle;
			sourceTree = "<group>";
		};
		4FC6C1EB22182EEF00908FD1 /* X */ = {
			isa = PBXGroup;
			children = (
				4FC6C1EC22182EEF00908FD1 /* XShader.metal */,
				4FC6C1ED22182EEF00908FD1 /* XAnimation.swift */,
			);
			path = X;
			sourceTree = "<group>";
		};
		4FC6C20B22182EF300908FD1 /* View */ = {
			isa = PBXGroup;
			children = (
				4FC6C20C22182EF300908FD1 /* MetalView.swift */,
				4FC6C20E221955DB00908FD1 /* FlashView.swift */,
			);
			path = View;
			sourceTree = "<group>";
		};
/* End PBXGroup section */

/* Begin PBXNativeTarget section */
		4FC6C13B22182E5900908FD1 /* mikutap */ = {
			isa = PBXNativeTarget;
			buildConfigurationList = 4FC6C14E22182E5A00908FD1 /* Build configuration list for PBXNativeTarget "mikutap" */;
			buildPhases = (
				4FC6C13822182E5900908FD1 /* Sources */,
				4FC6C13922182E5900908FD1 /* Frameworks */,
				4FC6C13A22182E5900908FD1 /* Resources */,
			);
			buildRules = (
			);
			dependencies = (
			);
			name = mikutap;
			productName = mikutap;
			productReference = 4FC6C13C22182E5900908FD1 /* mikutap.app */;
			productType = "com.apple.product-type.application";
		};
/* End PBXNativeTarget section */

/* Begin PBXProject section */
		4FC6C13422182E5900908FD1 /* Project object */ = {
			isa = PBXProject;
			attributes = {
				LastSwiftUpdateCheck = 1010;
				LastUpgradeCheck = 1010;
				ORGANIZATIONNAME = Liuliet.Lee;
				TargetAttributes = {
					4FC6C13B22182E5900908FD1 = {
						CreatedOnToolsVersion = 10.1;
					};
				};
			};
			buildConfigurationList = 4FC6C13722182E5900908FD1 /* Build configuration list for PBXProject "mikutap" */;
			compatibilityVersion = "Xcode 9.3";
			developmentRegion = en;
			hasScannedForEncodings = 0;
			knownRegions = (
				en,
				Base,
			);
			mainGroup = 4FC6C13322182E5900908FD1;
			productRefGroup = 4FC6C13D22182E5900908FD1 /* Products */;
			projectDirPath = "";
			projectRoot = "";
			targets = (
				4FC6C13B22182E5900908FD1 /* mikutap */,
			);
		};
/* End PBXProject section */

/* Begin PBXResourcesBuildPhase section */
		4FC6C13A22182E5900908FD1 /* Resources */ = {
			isa = PBXResourcesBuildPhase;
			buildActionMask = 2147483647;
			files = (
				4FC6C14A22182E5A00908FD1 /* LaunchScreen.storyboard in Resources */,
				4FC6C14722182E5A00908FD1 /* Assets.xcassets in Resources */,
				4FC6C14522182E5900908FD1 /* Main.storyboard in Resources */,
			);
			runOnlyForDeploymentPostprocessing = 0;
		};
/* End PBXResourcesBuildPhase section */

/* Begin PBXSourcesBuildPhase section */
		4FC6C13822182E5900908FD1 /* Sources */ = {
			isa = PBXSourcesBuildPhase;
			buildActionMask = 2147483647;
			files = (
				4FC6C1F922182EEF00908FD1 /* PolygonFillAnimation.swift in Sources */,
				4FC6C1FD22182EEF00908FD1 /* FenceShader.metal in Sources */,
				4FC6C20922182EEF00908FD1 /* XShader.metal in Sources */,
				4FC6C1F722182EEF00908FD1 /* SegmentShader.metal in Sources */,
				4FC6C1BC22182EEA00908FD1 /* Audio.swift in Sources */,
				4FC6C20422182EEF00908FD1 /* ExplosionCircleAnimation.swift in Sources */,
				4FC6C1F322182EEF00908FD1 /* ShakeDotAnimation.swift in Sources */,
				4FC6C1B922182EEA00908FD1 /* trackAudio.swift in Sources */,
				4FC6C1BD22182EEA00908FD1 /* ColorPool.swift in Sources */,
				4FC6C20122182EEF00908FD1 /* ExplosionSquareAnimation.swift in Sources */,
				4FC6C1FE22182EEF00908FD1 /* SquareFenceAnimation.swift in Sources */,
				4FC6C20A22182EEF00908FD1 /* XAnimation.swift in Sources */,
				4FC6C20322182EEF00908FD1 /* ExplosionAnimation.swift in Sources */,
				4FC6C20522182EEF00908FD1 /* PlaceholderAnimation.swift in Sources */,
				4FC6C1F622182EEF00908FD1 /* SegmentAnimation.swift in Sources */,
				4FC6C1F022182EEF00908FD1 /* ScaleShader.metal in Sources */,
				4FC6C1F222182EEF00908FD1 /* DotAnimation.swift in Sources */,
				4FC6C1BB22182EEA00908FD1 /* PolygonFactory.swift in Sources */,
				4FC6C1F422182EEF00908FD1 /* SpiralDotAnimation.swift in Sources */,
				4FC6C20222182EEF00908FD1 /* ExplosionShader.metal in Sources */,
				4FC6C20622182EEF00908FD1 /* PlaceholderShader.metal in Sources */,
				4FC6C1BA22182EEA00908FD1 /* MathUtils.swift in Sources */,
				4FC6C14022182E5900908FD1 /* AppDelegate.swift in Sources */,
				4FC6C1B822182EEA00908FD1 /* mainAudio.swift in Sources */,
				4FC6C20822182EEF00908FD1 /* CircleShader.metal in Sources */,
				4FC6C1FC22182EEF00908FD1 /* AbstractAnimation.swift in Sources */,
				4FC6C1EE22182EEF00908FD1 /* TransitionAnimation.swift in Sources */,
				4FC6C20D22182EF300908FD1 /* MetalView.swift in Sources */,
				4FC6C1EF22182EEF00908FD1 /* TransitionShader.metal in Sources */,
				4FC6C1F122182EEF00908FD1 /* ScaleAnimation.swift in Sources */,
				4FC6C20722182EEF00908FD1 /* CircleAnimation.swift in Sources */,
				4FC6C20F221955DB00908FD1 /* FlashView.swift in Sources */,
				4FC6C1F822182EEF00908FD1 /* PolygonFillShader.metal in Sources */,
				4FC6C20022182EEF00908FD1 /* RoundFenceAnimation.swift in Sources */,
				4FC6C1FB22182EEF00908FD1 /* PolygonStrokeShader.metal in Sources */,
				4FC6C1FF22182EEF00908FD1 /* FenceAnimation.swift in Sources */,
				4FC6C1F522182EEF00908FD1 /* DotShader.metal in Sources */,
				4FC6C1FA22182EEF00908FD1 /* PolygonStrokeAnimation.swift in Sources */,
			);
			runOnlyForDeploymentPostprocessing = 0;
		};
/* End PBXSourcesBuildPhase section */

/* Begin PBXVariantGroup section */
		4FC6C14322182E5900908FD1 /* Main.storyboard */ = {
			isa = PBXVariantGroup;
			children = (
				4FC6C14422182E5900908FD1 /* Base */,
			);
			name = Main.storyboard;
			sourceTree = "<group>";
		};
		4FC6C14822182E5A00908FD1 /* LaunchScreen.storyboard */ = {
			isa = PBXVariantGroup;
			children = (
				4FC6C14922182E5A00908FD1 /* Base */,
			);
			name = LaunchScreen.storyboard;
			sourceTree = "<group>";
		};
/* End PBXVariantGroup section */

/* Begin XCBuildConfiguration section */
		4FC6C14C22182E5A00908FD1 /* Debug */ = {
			isa = XCBuildConfiguration;
			buildSettings = {
				ALWAYS_SEARCH_USER_PATHS = NO;
				CLANG_ANALYZER_NONNULL = YES;
				CLANG_ANALYZER_NUMBER_OBJECT_CONVERSION = YES_AGGRESSIVE;
				CLANG_CXX_LANGUAGE_STANDARD = "gnu++14";
				CLANG_CXX_LIBRARY = "libc++";
				CLANG_ENABLE_MODULES = YES;
				CLANG_ENABLE_OBJC_ARC = YES;
				CLANG_ENABLE_OBJC_WEAK = YES;
				CLANG_WARN_BLOCK_CAPTURE_AUTORELEASING = YES;
				CLANG_WARN_BOOL_CONVERSION = YES;
				CLANG_WARN_COMMA = YES;
				CLANG_WARN_CONSTANT_CONVERSION = YES;
				CLANG_WARN_DEPRECATED_OBJC_IMPLEMENTATIONS = YES;
				CLANG_WARN_DIRECT_OBJC_ISA_USAGE = YES_ERROR;
				CLANG_WARN_DOCUMENTATION_COMMENTS = YES;
				CLANG_WARN_EMPTY_BODY = YES;
				CLANG_WARN_ENUM_CONVERSION = YES;
				CLANG_WARN_INFINITE_RECURSION = YES;
				CLANG_WARN_INT_CONVERSION = YES;
				CLANG_WARN_NON_LITERAL_NULL_CONVERSION = YES;
				CLANG_WARN_OBJC_IMPLICIT_RETAIN_SELF = YES;
				CLANG_WARN_OBJC_LITERAL_CONVERSION = YES;
				CLANG_WARN_OBJC_ROOT_CLASS = YES_ERROR;
				CLANG_WARN_RANGE_LOOP_ANALYSIS = YES;
				CLANG_WARN_STRICT_PROTOTYPES = YES;
				CLANG_WARN_SUSPICIOUS_MOVE = YES;
				CLANG_WARN_UNGUARDED_AVAILABILITY = YES_AGGRESSIVE;
				CLANG_WARN_UNREACHABLE_CODE = YES;
				CLANG_WARN__DUPLICATE_METHOD_MATCH = YES;
				CODE_SIGN_IDENTITY = "iPhone Developer";
				COPY_PHASE_STRIP = NO;
				DEBUG_INFORMATION_FORMAT = dwarf;
				ENABLE_STRICT_OBJC_MSGSEND = YES;
				ENABLE_TESTABILITY = YES;
				GCC_C_LANGUAGE_STANDARD = gnu11;
				GCC_DYNAMIC_NO_PIC = NO;
				GCC_NO_COMMON_BLOCKS = YES;
				GCC_OPTIMIZATION_LEVEL = 0;
				GCC_PREPROCESSOR_DEFINITIONS = (
					"DEBUG=1",
					"$(inherited)",
				);
				GCC_WARN_64_TO_32_BIT_CONVERSION = YES;
				GCC_WARN_ABOUT_RETURN_TYPE = YES_ERROR;
				GCC_WARN_UNDECLARED_SELECTOR = YES;
				GCC_WARN_UNINITIALIZED_AUTOS = YES_AGGRESSIVE;
				GCC_WARN_UNUSED_FUNCTION = YES;
				GCC_WARN_UNUSED_VARIABLE = YES;
				IPHONEOS_DEPLOYMENT_TARGET = 12.1;
				MTL_ENABLE_DEBUG_INFO = INCLUDE_SOURCE;
				MTL_FAST_MATH = YES;
				ONLY_ACTIVE_ARCH = YES;
				SDKROOT = iphoneos;
				SWIFT_ACTIVE_COMPILATION_CONDITIONS = DEBUG;
				SWIFT_OPTIMIZATION_LEVEL = "-Onone";
			};
			name = Debug;
		};
		4FC6C14D22182E5A00908FD1 /* Release */ = {
			isa = XCBuildConfiguration;
			buildSettings = {
				ALWAYS_SEARCH_USER_PATHS = NO;
				CLANG_ANALYZER_NONNULL = YES;
				CLANG_ANALYZER_NUMBER_OBJECT_CONVERSION = YES_AGGRESSIVE;
				CLANG_CXX_LANGUAGE_STANDARD = "gnu++14";
				CLANG_CXX_LIBRARY = "libc++";
				CLANG_ENABLE_MODULES = YES;
				CLANG_ENABLE_OBJC_ARC = YES;
				CLANG_ENABLE_OBJC_WEAK = YES;
				CLANG_WARN_BLOCK_CAPTURE_AUTORELEASING = YES;
				CLANG_WARN_BOOL_CONVERSION = YES;
				CLANG_WARN_COMMA = YES;
				CLANG_WARN_CONSTANT_CONVERSION = YES;
				CLANG_WARN_DEPRECATED_OBJC_IMPLEMENTATIONS = YES;
				CLANG_WARN_DIRECT_OBJC_ISA_USAGE = YES_ERROR;
				CLANG_WARN_DOCUMENTATION_COMMENTS = YES;
				CLANG_WARN_EMPTY_BODY = YES;
				CLANG_WARN_ENUM_CONVERSION = YES;
				CLANG_WARN_INFINITE_RECURSION = YES;
				CLANG_WARN_INT_CONVERSION = YES;
				CLANG_WARN_NON_LITERAL_NULL_CONVERSION = YES;
				CLANG_WARN_OBJC_IMPLICIT_RETAIN_SELF = YES;
				CLANG_WARN_OBJC_LITERAL_CONVERSION = YES;
				CLANG_WARN_OBJC_ROOT_CLASS = YES_ERROR;
				CLANG_WARN_RANGE_LOOP_ANALYSIS = YES;
				CLANG_WARN_STRICT_PROTOTYPES = YES;
				CLANG_WARN_SUSPICIOUS_MOVE = YES;
				CLANG_WARN_UNGUARDED_AVAILABILITY = YES_AGGRESSIVE;
				CLANG_WARN_UNREACHABLE_CODE = YES;
				CLANG_WARN__DUPLICATE_METHOD_MATCH = YES;
				CODE_SIGN_IDENTITY = "iPhone Developer";
				COPY_PHASE_STRIP = NO;
				DEBUG_INFORMATION_FORMAT = "dwarf-with-dsym";
				ENABLE_NS_ASSERTIONS = NO;
				ENABLE_STRICT_OBJC_MSGSEND = YES;
				GCC_C_LANGUAGE_STANDARD = gnu11;
				GCC_NO_COMMON_BLOCKS = YES;
				GCC_WARN_64_TO_32_BIT_CONVERSION = YES;
				GCC_WARN_ABOUT_RETURN_TYPE = YES_ERROR;
				GCC_WARN_UNDECLARED_SELECTOR = YES;
				GCC_WARN_UNINITIALIZED_AUTOS = YES_AGGRESSIVE;
				GCC_WARN_UNUSED_FUNCTION = YES;
				GCC_WARN_UNUSED_VARIABLE = YES;
				IPHONEOS_DEPLOYMENT_TARGET = 12.1;
				MTL_ENABLE_DEBUG_INFO = NO;
				MTL_FAST_MATH = YES;
				SDKROOT = iphoneos;
				SWIFT_COMPILATION_MODE = wholemodule;
				SWIFT_OPTIMIZATION_LEVEL = "-O";
				VALIDATE_PRODUCT = YES;
			};
			name = Release;
		};
		4FC6C14F22182E5A00908FD1 /* Debug */ = {
			isa = XCBuildConfiguration;
			buildSettings = {
				ASSETCATALOG_COMPILER_APPICON_NAME = AppIcon;
				CODE_SIGN_STYLE = Automatic;
				DEVELOPMENT_TEAM = 54YMT4F4W9;
				INFOPLIST_FILE = mikutap/Info.plist;
				LD_RUNPATH_SEARCH_PATHS = (
					"$(inherited)",
					"@executable_path/Frameworks",
				);
				PRODUCT_BUNDLE_IDENTIFIER = "com.future-code-institute.mikutap";
				PRODUCT_NAME = "$(TARGET_NAME)";
				SWIFT_VERSION = 4.2;
				TARGETED_DEVICE_FAMILY = "1,2";
			};
			name = Debug;
		};
		4FC6C15022182E5A00908FD1 /* Release */ = {
			isa = XCBuildConfiguration;
			buildSettings = {
				ASSETCATALOG_COMPILER_APPICON_NAME = AppIcon;
				CODE_SIGN_STYLE = Automatic;
				DEVELOPMENT_TEAM = 54YMT4F4W9;
				INFOPLIST_FILE = mikutap/Info.plist;
				LD_RUNPATH_SEARCH_PATHS = (
					"$(inherited)",
					"@executable_path/Frameworks",
				);
				PRODUCT_BUNDLE_IDENTIFIER = "com.future-code-institute.mikutap";
				PRODUCT_NAME = "$(TARGET_NAME)";
				SWIFT_VERSION = 4.2;
				TARGETED_DEVICE_FAMILY = "1,2";
			};
			name = Release;
		};
/* End XCBuildConfiguration section */

/* Begin XCConfigurationList section */
		4FC6C13722182E5900908FD1 /* Build configuration list for PBXProject "mikutap" */ = {
			isa = XCConfigurationList;
			buildConfigurations = (
				4FC6C14C22182E5A00908FD1 /* Debug */,
				4FC6C14D22182E5A00908FD1 /* Release */,
			);
			defaultConfigurationIsVisible = 0;
			defaultConfigurationName = Release;
		};
		4FC6C14E22182E5A00908FD1 /* Build configuration list for PBXNativeTarget "mikutap" */ = {
			isa = XCConfigurationList;
			buildConfigurations = (
				4FC6C14F22182E5A00908FD1 /* Debug */,
				4FC6C15022182E5A00908FD1 /* Release */,
			);
			defaultConfigurationIsVisible = 0;
			defaultConfigurationName = Release;
		};
/* End XCConfigurationList section */
	};
	rootObject = 4FC6C13422182E5900908FD1 /* Project object */;
}
